{
  "version": 4,
  "terraform_version": "1.4.5",
  "serial": 330,
  "lineage": "2376e38b-719d-c365-64eb-eaf3d1277ded",
  "outputs": {
    "mysql_host": {
      "value": "rc1b-1ocp0nctx1e5wx1g.mdb.yandexcloud.net",
      "type": "string"
    },
    "webservers": {
      "value": [
        {
          "allow_recreate": null,
          "allow_stopping_for_update": null,
          "boot_disk": [
            {
              "auto_delete": true,
              "device_name": "epdnphn3m27rqnmamm7q",
              "disk_id": "epdnphn3m27rqnmamm7q",
              "initialize_params": [
                {
                  "block_size": 4096,
                  "description": "",
                  "image_id": "fd80o2eikcn22b229tsa",
                  "name": "",
                  "size": 30,
                  "snapshot_id": "",
                  "type": "network-hdd"
                }
              ],
              "mode": "READ_WRITE"
            }
          ],
          "created_at": "2023-04-21T16:15:35Z",
          "description": "",
          "filesystem": [],
          "folder_id": "b1gcv095o5f32r9fvkhm",
          "fqdn": "epdgescr8oao6em7c1uf.auto.internal",
          "gpu_cluster_id": "",
          "hostname": "",
          "id": "epdgescr8oao6em7c1uf",
          "labels": {},
          "local_disk": [],
          "metadata": {
            "ssh-keys": "mcomet:ssh-rsa AAAAB3NzaC1yc2EAAAADAQABAAABgQCzQXae9oozrH+H7jkeud4R5JOGY4R+bAhhi0FadUwQdGXzCD+n5KQ8InXLUtH2tPzGTBV8cza6MPJwINzpw/SiQ0J9KcNUfNP4J4k7AMTkm+6ef3tNhcs18AP4i3YbimI4KkIojlIjxygLqft8kcTiJHcMNUeKNZv5JSt2AaU0P7IVl4MXgoLDE9cqEDmRAcsbplIWbLiqzzsV9T988VkNPcDaYvD8P8utjOkctuk1LXKOHglVyRudb4Jf8MjjM7xbUSTi0Wz21dBYZ7WVrrW24lc6eHcrO4INtQxrOh2KWIE4QtLylpRmfifIGpO4OBU8ao9+119rASqBbb+hjdJPCxHBy6PUgsSFCSFQ3EQB0g51ilyr2VGv5AjeXMOuN0DGgnET7AC2NzMtER6LpMYO3ZkWAKJWEqzryJmeMNnQr1MjpLDp0AROdkfBE/kyMjAGdvuLIyKCHATZIHRLRTkSWuyaQZMLA6Q1Q3g+Yqc6oIMxD5u4vlFvWObijAtmBN0= vomblr@MacBook-Pro-Dmitry.local\n"
          },
          "metadata_options": [
            {
              "aws_v1_http_endpoint": 1,
              "aws_v1_http_token": 2,
              "gce_http_endpoint": 1,
              "gce_http_token": 1
            }
          ],
          "name": "web1",
          "network_acceleration_type": "standard",
          "network_interface": [
            {
              "dns_record": [],
              "index": 0,
              "ip_address": "192.168.2.29",
              "ipv4": true,
              "ipv6": false,
              "ipv6_address": "",
              "ipv6_dns_record": [],
              "mac_address": "d0:0d:10:77:19:b4",
              "nat": true,
              "nat_dns_record": [],
              "nat_ip_address": "51.250.27.76",
              "nat_ip_version": "IPV4",
              "security_group_ids": [],
              "subnet_id": "e2l3er4bfh7qnt684v8b"
            }
          ],
          "placement_policy": [
            {
              "host_affinity_rules": [],
              "placement_group_id": ""
            }
          ],
          "platform_id": "standard-v1",
          "resources": [
            {
              "core_fraction": 100,
              "cores": 2,
              "gpus": 0,
              "memory": 2
            }
          ],
          "scheduling_policy": [
            {
              "preemptible": true
            }
          ],
          "secondary_disk": [],
          "service_account_id": "",
          "status": "running",
          "timeouts": null,
          "zone": "ru-central1-b"
        },
        {
          "allow_recreate": null,
          "allow_stopping_for_update": null,
          "boot_disk": [
            {
              "auto_delete": true,
              "device_name": "epd5g6k1j41cvfregq77",
              "disk_id": "epd5g6k1j41cvfregq77",
              "initialize_params": [
                {
                  "block_size": 4096,
                  "description": "",
                  "image_id": "fd80o2eikcn22b229tsa",
                  "name": "",
                  "size": 30,
                  "snapshot_id": "",
                  "type": "network-hdd"
                }
              ],
              "mode": "READ_WRITE"
            }
          ],
          "created_at": "2023-04-21T16:15:35Z",
          "description": "",
          "filesystem": [],
          "folder_id": "b1gcv095o5f32r9fvkhm",
          "fqdn": "epdgdrqii4gvdmu6iri1.auto.internal",
          "gpu_cluster_id": "",
          "hostname": "",
          "id": "epdgdrqii4gvdmu6iri1",
          "labels": {},
          "local_disk": [],
          "metadata": {
            "ssh-keys": "mcomet:ssh-rsa AAAAB3NzaC1yc2EAAAADAQABAAABgQCzQXae9oozrH+H7jkeud4R5JOGY4R+bAhhi0FadUwQdGXzCD+n5KQ8InXLUtH2tPzGTBV8cza6MPJwINzpw/SiQ0J9KcNUfNP4J4k7AMTkm+6ef3tNhcs18AP4i3YbimI4KkIojlIjxygLqft8kcTiJHcMNUeKNZv5JSt2AaU0P7IVl4MXgoLDE9cqEDmRAcsbplIWbLiqzzsV9T988VkNPcDaYvD8P8utjOkctuk1LXKOHglVyRudb4Jf8MjjM7xbUSTi0Wz21dBYZ7WVrrW24lc6eHcrO4INtQxrOh2KWIE4QtLylpRmfifIGpO4OBU8ao9+119rASqBbb+hjdJPCxHBy6PUgsSFCSFQ3EQB0g51ilyr2VGv5AjeXMOuN0DGgnET7AC2NzMtER6LpMYO3ZkWAKJWEqzryJmeMNnQr1MjpLDp0AROdkfBE/kyMjAGdvuLIyKCHATZIHRLRTkSWuyaQZMLA6Q1Q3g+Yqc6oIMxD5u4vlFvWObijAtmBN0= vomblr@MacBook-Pro-Dmitry.local\n"
          },
          "metadata_options": [
            {
              "aws_v1_http_endpoint": 1,
              "aws_v1_http_token": 2,
              "gce_http_endpoint": 1,
              "gce_http_token": 1
            }
          ],
          "name": "web2",
          "network_acceleration_type": "standard",
          "network_interface": [
            {
              "dns_record": [],
              "index": 0,
              "ip_address": "192.168.2.15",
              "ipv4": true,
              "ipv6": false,
              "ipv6_address": "",
              "ipv6_dns_record": [],
              "mac_address": "d0:0d:10:6e:f5:29",
              "nat": true,
              "nat_dns_record": [],
              "nat_ip_address": "51.250.17.62",
              "nat_ip_version": "IPV4",
              "security_group_ids": [],
              "subnet_id": "e2l3er4bfh7qnt684v8b"
            }
          ],
          "placement_policy": [
            {
              "host_affinity_rules": [],
              "placement_group_id": ""
            }
          ],
          "platform_id": "standard-v1",
          "resources": [
            {
              "core_fraction": 100,
              "cores": 2,
              "gpus": 0,
              "memory": 2
            }
          ],
          "scheduling_policy": [
            {
              "preemptible": true
            }
          ],
          "secondary_disk": [],
          "service_account_id": "",
          "status": "running",
          "timeouts": null,
          "zone": "ru-central1-b"
        }
      ],
      "type": [
        "tuple",
        [
          [
            "object",
            {
              "allow_recreate": "bool",
              "allow_stopping_for_update": "bool",
              "boot_disk": [
                "list",
                [
                  "object",
                  {
                    "auto_delete": "bool",
                    "device_name": "string",
                    "disk_id": "string",
                    "initialize_params": [
                      "list",
                      [
                        "object",
                        {
                          "block_size": "number",
                          "description": "string",
                          "image_id": "string",
                          "name": "string",
                          "size": "number",
                          "snapshot_id": "string",
                          "type": "string"
                        }
                      ]
                    ],
                    "mode": "string"
                  }
                ]
              ],
              "created_at": "string",
              "description": "string",
              "filesystem": [
                "set",
                [
                  "object",
                  {
                    "device_name": "string",
                    "filesystem_id": "string",
                    "mode": "string"
                  }
                ]
              ],
              "folder_id": "string",
              "fqdn": "string",
              "gpu_cluster_id": "string",
              "hostname": "string",
              "id": "string",
              "labels": [
                "map",
                "string"
              ],
              "local_disk": [
                "list",
                [
                  "object",
                  {
                    "device_name": "string",
                    "size_bytes": "number"
                  }
                ]
              ],
              "metadata": [
                "map",
                "string"
              ],
              "metadata_options": [
                "list",
                [
                  "object",
                  {
                    "aws_v1_http_endpoint": "number",
                    "aws_v1_http_token": "number",
                    "gce_http_endpoint": "number",
                    "gce_http_token": "number"
                  }
                ]
              ],
              "name": "string",
              "network_acceleration_type": "string",
              "network_interface": [
                "list",
                [
                  "object",
                  {
                    "dns_record": [
                      "list",
                      [
                        "object",
                        {
                          "dns_zone_id": "string",
                          "fqdn": "string",
                          "ptr": "bool",
                          "ttl": "number"
                        }
                      ]
                    ],
                    "index": "number",
                    "ip_address": "string",
                    "ipv4": "bool",
                    "ipv6": "bool",
                    "ipv6_address": "string",
                    "ipv6_dns_record": [
                      "list",
                      [
                        "object",
                        {
                          "dns_zone_id": "string",
                          "fqdn": "string",
                          "ptr": "bool",
                          "ttl": "number"
                        }
                      ]
                    ],
                    "mac_address": "string",
                    "nat": "bool",
                    "nat_dns_record": [
                      "list",
                      [
                        "object",
                        {
                          "dns_zone_id": "string",
                          "fqdn": "string",
                          "ptr": "bool",
                          "ttl": "number"
                        }
                      ]
                    ],
                    "nat_ip_address": "string",
                    "nat_ip_version": "string",
                    "security_group_ids": [
                      "set",
                      "string"
                    ],
                    "subnet_id": "string"
                  }
                ]
              ],
              "placement_policy": [
                "list",
                [
                  "object",
                  {
                    "host_affinity_rules": [
                      "list",
                      [
                        "object",
                        {
                          "key": "string",
                          "op": "string",
                          "values": [
                            "list",
                            "string"
                          ]
                        }
                      ]
                    ],
                    "placement_group_id": "string"
                  }
                ]
              ],
              "platform_id": "string",
              "resources": [
                "list",
                [
                  "object",
                  {
                    "core_fraction": "number",
                    "cores": "number",
                    "gpus": "number",
                    "memory": "number"
                  }
                ]
              ],
              "scheduling_policy": [
                "list",
                [
                  "object",
                  {
                    "preemptible": "bool"
                  }
                ]
              ],
              "secondary_disk": [
                "list",
                [
                  "object",
                  {
                    "auto_delete": "bool",
                    "device_name": "string",
                    "disk_id": "string",
                    "mode": "string"
                  }
                ]
              ],
              "service_account_id": "string",
              "status": "string",
              "timeouts": [
                "object",
                {
                  "create": "string",
                  "delete": "string",
                  "update": "string"
                }
              ],
              "zone": "string"
            }
          ],
          [
            "object",
            {
              "allow_recreate": "bool",
              "allow_stopping_for_update": "bool",
              "boot_disk": [
                "list",
                [
                  "object",
                  {
                    "auto_delete": "bool",
                    "device_name": "string",
                    "disk_id": "string",
                    "initialize_params": [
                      "list",
                      [
                        "object",
                        {
                          "block_size": "number",
                          "description": "string",
                          "image_id": "string",
                          "name": "string",
                          "size": "number",
                          "snapshot_id": "string",
                          "type": "string"
                        }
                      ]
                    ],
                    "mode": "string"
                  }
                ]
              ],
              "created_at": "string",
              "description": "string",
              "filesystem": [
                "set",
                [
                  "object",
                  {
                    "device_name": "string",
                    "filesystem_id": "string",
                    "mode": "string"
                  }
                ]
              ],
              "folder_id": "string",
              "fqdn": "string",
              "gpu_cluster_id": "string",
              "hostname": "string",
              "id": "string",
              "labels": [
                "map",
                "string"
              ],
              "local_disk": [
                "list",
                [
                  "object",
                  {
                    "device_name": "string",
                    "size_bytes": "number"
                  }
                ]
              ],
              "metadata": [
                "map",
                "string"
              ],
              "metadata_options": [
                "list",
                [
                  "object",
                  {
                    "aws_v1_http_endpoint": "number",
                    "aws_v1_http_token": "number",
                    "gce_http_endpoint": "number",
                    "gce_http_token": "number"
                  }
                ]
              ],
              "name": "string",
              "network_acceleration_type": "string",
              "network_interface": [
                "list",
                [
                  "object",
                  {
                    "dns_record": [
                      "list",
                      [
                        "object",
                        {
                          "dns_zone_id": "string",
                          "fqdn": "string",
                          "ptr": "bool",
                          "ttl": "number"
                        }
                      ]
                    ],
                    "index": "number",
                    "ip_address": "string",
                    "ipv4": "bool",
                    "ipv6": "bool",
                    "ipv6_address": "string",
                    "ipv6_dns_record": [
                      "list",
                      [
                        "object",
                        {
                          "dns_zone_id": "string",
                          "fqdn": "string",
                          "ptr": "bool",
                          "ttl": "number"
                        }
                      ]
                    ],
                    "mac_address": "string",
                    "nat": "bool",
                    "nat_dns_record": [
                      "list",
                      [
                        "object",
                        {
                          "dns_zone_id": "string",
                          "fqdn": "string",
                          "ptr": "bool",
                          "ttl": "number"
                        }
                      ]
                    ],
                    "nat_ip_address": "string",
                    "nat_ip_version": "string",
                    "security_group_ids": [
                      "set",
                      "string"
                    ],
                    "subnet_id": "string"
                  }
                ]
              ],
              "placement_policy": [
                "list",
                [
                  "object",
                  {
                    "host_affinity_rules": [
                      "list",
                      [
                        "object",
                        {
                          "key": "string",
                          "op": "string",
                          "values": [
                            "list",
                            "string"
                          ]
                        }
                      ]
                    ],
                    "placement_group_id": "string"
                  }
                ]
              ],
              "platform_id": "string",
              "resources": [
                "list",
                [
                  "object",
                  {
                    "core_fraction": "number",
                    "cores": "number",
                    "gpus": "number",
                    "memory": "number"
                  }
                ]
              ],
              "scheduling_policy": [
                "list",
                [
                  "object",
                  {
                    "preemptible": "bool"
                  }
                ]
              ],
              "secondary_disk": [
                "list",
                [
                  "object",
                  {
                    "auto_delete": "bool",
                    "device_name": "string",
                    "disk_id": "string",
                    "mode": "string"
                  }
                ]
              ],
              "service_account_id": "string",
              "status": "string",
              "timeouts": [
                "object",
                {
                  "create": "string",
                  "delete": "string",
                  "update": "string"
                }
              ],
              "zone": "string"
            }
          ]
        ]
      ]
    }
  },
  "resources": [
    {
      "mode": "managed",
      "type": "datadog_monitor",
      "name": "healthcheck_monitor",
      "provider": "provider[\"registry.terraform.io/datadog/datadog\"]",
      "instances": [
        {
          "schema_version": 0,
          "attributes": {
            "enable_logs_sample": null,
            "enable_samples": null,
            "escalation_message": "",
            "evaluation_delay": 0,
            "force_delete": null,
            "group_retention_duration": "",
            "groupby_simple_monitor": null,
            "id": "10887229",
            "include_tags": false,
            "locked": false,
            "message": "",
            "monitor_threshold_windows": [],
            "monitor_thresholds": [
              {
                "critical": "2",
                "critical_recovery": "",
                "ok": "2",
                "unknown": "",
                "warning": "2",
                "warning_recovery": ""
              }
            ],
            "name": "Servers healthcheck",
            "new_group_delay": 0,
            "new_host_delay": 300,
            "no_data_timeframe": 0,
            "notify_audit": false,
            "notify_by": [],
            "notify_no_data": false,
            "on_missing_data": "",
            "priority": 0,
            "query": "\"http.can_connect\".over(\"*\").by(\"*\").last(3).count_by_status()",
            "renotify_interval": 0,
            "renotify_occurrences": 0,
            "renotify_statuses": null,
            "require_full_window": true,
            "restricted_roles": null,
            "scheduling_options": [],
            "tags": [],
            "timeout_h": 0,
            "type": "service check",
            "validate": null,
            "variables": []
          },
          "sensitive_attributes": [],
          "private": "bnVsbA=="
        }
      ]
    },
    {
      "mode": "managed",
      "type": "yandex_alb_backend_group",
      "name": "hexlet-backend-group",
      "provider": "provider[\"registry.terraform.io/yandex-cloud/yandex\"]",
      "instances": [
        {
          "schema_version": 0,
          "attributes": {
            "created_at": "2023-04-21T16:16:17Z",
            "description": "",
            "folder_id": "b1gcv095o5f32r9fvkhm",
            "grpc_backend": [],
            "http_backend": [
              {
                "healthcheck": [
                  {
                    "grpc_healthcheck": [],
                    "healthcheck_port": 0,
                    "healthy_threshold": 0,
                    "http_healthcheck": [
                      {
                        "host": "",
                        "http2": false,
                        "path": "/"
                      }
                    ],
                    "interval": "1s",
                    "interval_jitter_percent": 0,
                    "stream_healthcheck": [],
                    "timeout": "1s",
                    "unhealthy_threshold": 0
                  }
                ],
                "http2": false,
                "load_balancing_config": [
                  {
                    "locality_aware_routing_percent": 0,
                    "mode": "ROUND_ROBIN",
                    "panic_threshold": 50,
                    "strict_locality": false
                  }
                ],
                "name": "hexlet-http-backend",
                "port": 80,
                "storage_bucket": "",
                "target_group_ids": [
                  "ds7v59s554ebbot3hfdo"
                ],
                "tls": [],
                "weight": 1
              }
            ],
            "id": "ds7u8gdn386i4a33gaag",
            "labels": {},
            "name": "hexlet-backend-group",
            "session_affinity": [],
            "stream_backend": [],
            "timeouts": null
          },
          "sensitive_attributes": [],
          "private": "eyJlMmJmYjczMC1lY2FhLTExZTYtOGY4OC0zNDM2M2JjN2M0YzAiOnsiY3JlYXRlIjozMDAwMDAwMDAwMDAsImRlbGV0ZSI6MzAwMDAwMDAwMDAwLCJ1cGRhdGUiOjMwMDAwMDAwMDAwMH19",
          "dependencies": [
            "yandex_alb_target_group.hexlet-target-group",
            "yandex_compute_instance.web1",
            "yandex_compute_instance.web2",
            "yandex_vpc_network.hexlet-network",
            "yandex_vpc_subnet.hexlet-subnet-b"
          ]
        }
      ]
    },
    {
      "mode": "managed",
      "type": "yandex_alb_http_router",
      "name": "hexlet-router",
      "provider": "provider[\"registry.terraform.io/yandex-cloud/yandex\"]",
      "instances": [
        {
          "schema_version": 0,
          "attributes": {
            "created_at": "2023-04-21T16:15:32Z",
            "description": "",
            "folder_id": "b1gcv095o5f32r9fvkhm",
            "id": "ds7idf3pkh9bpum8sgfs",
            "labels": {},
            "name": "hexlet-router",
            "route_options": [],
            "timeouts": null
          },
          "sensitive_attributes": [],
          "private": "eyJlMmJmYjczMC1lY2FhLTExZTYtOGY4OC0zNDM2M2JjN2M0YzAiOnsiY3JlYXRlIjozMDAwMDAwMDAwMDAsImRlbGV0ZSI6MzAwMDAwMDAwMDAwLCJ1cGRhdGUiOjMwMDAwMDAwMDAwMH19"
        }
      ]
    },
    {
      "mode": "managed",
      "type": "yandex_alb_load_balancer",
      "name": "hexlet-balancer",
      "provider": "provider[\"registry.terraform.io/yandex-cloud/yandex\"]",
      "instances": [
        {
          "schema_version": 0,
          "attributes": {
            "allocation_policy": [
              {
                "location": [
                  {
                    "disable_traffic": false,
                    "subnet_id": "e2l3er4bfh7qnt684v8b",
                    "zone_id": "ru-central1-b"
                  }
                ]
              }
            ],
            "created_at": "2023-04-21T16:30:48Z",
            "description": "",
            "folder_id": "b1gcv095o5f32r9fvkhm",
            "id": "ds70381fk4vddtdttnc1",
            "labels": null,
            "listener": [
              {
                "endpoint": [
                  {
                    "address": [
                      {
                        "external_ipv4_address": [
                          {
                            "address": "158.160.39.226"
                          }
                        ],
                        "external_ipv6_address": [],
                        "internal_ipv4_address": []
                      }
                    ],
                    "ports": [
                      443
                    ]
                  }
                ],
                "http": [],
                "name": "https-listener",
                "stream": [],
                "tls": [
                  {
                    "default_handler": [
                      {
                        "certificate_ids": [
                          "fpq7atjvjf5fmejf14cs"
                        ],
                        "http_handler": [
                          {
                            "allow_http10": false,
                            "http2_options": [],
                            "http_router_id": "ds7idf3pkh9bpum8sgfs",
                            "rewrite_request_id": false
                          }
                        ],
                        "stream_handler": []
                      }
                    ],
                    "sni_handler": []
                  }
                ]
              },
              {
                "endpoint": [
                  {
                    "address": [
                      {
                        "external_ipv4_address": [
                          {
                            "address": "158.160.39.226"
                          }
                        ],
                        "external_ipv6_address": [],
                        "internal_ipv4_address": []
                      }
                    ],
                    "ports": [
                      80
                    ]
                  }
                ],
                "http": [
                  {
                    "handler": [],
                    "redirects": [
                      {
                        "http_to_https": true
                      }
                    ]
                  }
                ],
                "name": "http-redirect",
                "stream": [],
                "tls": []
              }
            ],
            "log_group_id": "ckgvilf4qec56s5edmjl",
            "log_options": [],
            "name": "hexlet-balancer",
            "network_id": "enptsm1p2vgg46okrf5f",
            "region_id": "",
            "security_group_ids": null,
            "status": "active",
            "timeouts": null
          },
          "sensitive_attributes": [],
          "private": "eyJlMmJmYjczMC1lY2FhLTExZTYtOGY4OC0zNDM2M2JjN2M0YzAiOnsiY3JlYXRlIjo2MDAwMDAwMDAwMDAsImRlbGV0ZSI6NjAwMDAwMDAwMDAwLCJ1cGRhdGUiOjYwMDAwMDAwMDAwMH19",
          "dependencies": [
            "yandex_alb_http_router.hexlet-router",
            "yandex_cm_certificate.main-domain-certficate",
            "yandex_vpc_network.hexlet-network",
            "yandex_vpc_subnet.hexlet-subnet-b"
          ]
        }
      ]
    },
    {
      "mode": "managed",
      "type": "yandex_alb_target_group",
      "name": "hexlet-target-group",
      "provider": "provider[\"registry.terraform.io/yandex-cloud/yandex\"]",
      "instances": [
        {
          "schema_version": 0,
          "attributes": {
            "created_at": "2023-04-21T16:16:17Z",
            "description": "",
            "folder_id": "b1gcv095o5f32r9fvkhm",
            "id": "ds7v59s554ebbot3hfdo",
            "labels": {},
            "name": "hexlet-target-group",
            "target": [
              {
                "ip_address": "192.168.2.29",
                "private_ipv4_address": false,
                "subnet_id": "e2l3er4bfh7qnt684v8b"
              },
              {
                "ip_address": "192.168.2.15",
                "private_ipv4_address": false,
                "subnet_id": "e2l3er4bfh7qnt684v8b"
              }
            ],
            "timeouts": null
          },
          "sensitive_attributes": [],
          "private": "eyJlMmJmYjczMC1lY2FhLTExZTYtOGY4OC0zNDM2M2JjN2M0YzAiOnsiY3JlYXRlIjozMDAwMDAwMDAwMDAsImRlbGV0ZSI6MzAwMDAwMDAwMDAwLCJ1cGRhdGUiOjMwMDAwMDAwMDAwMH19",
          "dependencies": [
            "yandex_compute_instance.web1",
            "yandex_compute_instance.web2",
            "yandex_vpc_network.hexlet-network",
            "yandex_vpc_subnet.hexlet-subnet-b"
          ]
        }
      ]
    },
    {
      "mode": "managed",
      "type": "yandex_alb_virtual_host",
      "name": "hexlet-virtual-host",
      "provider": "provider[\"registry.terraform.io/yandex-cloud/yandex\"]",
      "instances": [
        {
          "schema_version": 0,
          "attributes": {
            "authority": [],
            "http_router_id": "ds7idf3pkh9bpum8sgfs",
            "id": "ds7idf3pkh9bpum8sgfs/hexlet-virtual-host",
            "modify_request_headers": [],
            "modify_response_headers": [],
            "name": "hexlet-virtual-host",
            "route": [
              {
                "grpc_route": [],
                "http_route": [
                  {
                    "direct_response_action": [],
                    "http_match": [],
                    "http_route_action": [
                      {
                        "auto_host_rewrite": false,
                        "backend_group_id": "ds7u8gdn386i4a33gaag",
                        "host_rewrite": "",
                        "idle_timeout": "",
                        "prefix_rewrite": "",
                        "timeout": "15s",
                        "upgrade_types": []
                      }
                    ],
                    "redirect_action": []
                  }
                ],
                "name": "main-route",
                "route_options": []
              }
            ],
            "route_options": [],
            "timeouts": null
          },
          "sensitive_attributes": [],
          "private": "eyJlMmJmYjczMC1lY2FhLTExZTYtOGY4OC0zNDM2M2JjN2M0YzAiOnsiY3JlYXRlIjozMDAwMDAwMDAwMDAsImRlbGV0ZSI6MzAwMDAwMDAwMDAwLCJ1cGRhdGUiOjMwMDAwMDAwMDAwMH19",
          "dependencies": [
            "yandex_alb_backend_group.hexlet-backend-group",
            "yandex_alb_http_router.hexlet-router",
            "yandex_alb_target_group.hexlet-target-group",
            "yandex_compute_instance.web1",
            "yandex_compute_instance.web2",
            "yandex_vpc_network.hexlet-network",
            "yandex_vpc_subnet.hexlet-subnet-b"
          ]
        }
      ]
    },
    {
      "mode": "managed",
      "type": "yandex_cm_certificate",
      "name": "main-domain-certficate",
      "provider": "provider[\"registry.terraform.io/yandex-cloud/yandex\"]",
      "instances": [
        {
          "schema_version": 1,
          "attributes": {
            "challenges": [
              {
                "created_at": "2023-04-21T16:15:32Z",
                "dns_name": "_acme-challenge.askdmitry.space.",
                "dns_type": "CNAME",
                "dns_value": "fpq7atjvjf5fmejf14cs.cm.yandexcloud.net.",
                "domain": "askdmitry.space",
                "http_content": "",
                "http_url": "",
                "message": "Create a record in your DNS provider.",
                "type": "DNS",
                "updated_at": "2023-04-21T16:24:10Z"
              }
            ],
            "created_at": "2023-04-21T16:15:32Z",
            "deletion_protection": null,
            "description": "",
            "domains": [
              "askdmitry.space"
            ],
            "folder_id": "b1gcv095o5f32r9fvkhm",
            "id": "fpq7atjvjf5fmejf14cs",
            "issued_at": "2023-04-21T16:24:11Z",
            "issuer": "CN=R3,O=Let's Encrypt,C=US",
            "labels": {},
            "managed": [
              {
                "challenge_count": 0,
                "challenge_type": "DNS_CNAME"
              }
            ],
            "name": "main-domain-certficate",
            "not_after": "2023-07-20T15:23:07Z",
            "not_before": "2023-04-21T15:23:08Z",
            "self_managed": [],
            "serial": "44060c518bebfe61c7fdbe1ed53a8dc4d84",
            "status": "ISSUED",
            "subject": "CN=askdmitry.space",
            "timeouts": null,
            "type": "MANAGED",
            "updated_at": "2023-04-21T16:24:11Z"
          },
          "sensitive_attributes": [],
          "private": "eyJlMmJmYjczMC1lY2FhLTExZTYtOGY4OC0zNDM2M2JjN2M0YzAiOnsiY3JlYXRlIjo2MDAwMDAwMDAwMCwiZGVsZXRlIjo2MDAwMDAwMDAwMCwicmVhZCI6NjAwMDAwMDAwMDAsInVwZGF0ZSI6NjAwMDAwMDAwMDB9LCJzY2hlbWFfdmVyc2lvbiI6IjEifQ=="
        }
      ]
    },
    {
      "mode": "managed",
      "type": "yandex_compute_instance",
      "name": "web1",
      "provider": "provider[\"registry.terraform.io/yandex-cloud/yandex\"]",
      "instances": [
        {
          "schema_version": 1,
          "attributes": {
            "allow_recreate": null,
            "allow_stopping_for_update": null,
            "boot_disk": [
              {
                "auto_delete": true,
                "device_name": "epdnphn3m27rqnmamm7q",
                "disk_id": "epdnphn3m27rqnmamm7q",
                "initialize_params": [
                  {
                    "block_size": 4096,
                    "description": "",
                    "image_id": "fd80o2eikcn22b229tsa",
                    "name": "",
                    "size": 30,
                    "snapshot_id": "",
                    "type": "network-hdd"
                  }
                ],
                "mode": "READ_WRITE"
              }
            ],
            "created_at": "2023-04-21T16:15:35Z",
            "description": "",
            "filesystem": [],
            "folder_id": "b1gcv095o5f32r9fvkhm",
            "fqdn": "epdgescr8oao6em7c1uf.auto.internal",
            "gpu_cluster_id": "",
            "hostname": "",
            "id": "epdgescr8oao6em7c1uf",
            "labels": {},
            "local_disk": [],
            "metadata": {
              "ssh-keys": "mcomet:ssh-rsa AAAAB3NzaC1yc2EAAAADAQABAAABgQCzQXae9oozrH+H7jkeud4R5JOGY4R+bAhhi0FadUwQdGXzCD+n5KQ8InXLUtH2tPzGTBV8cza6MPJwINzpw/SiQ0J9KcNUfNP4J4k7AMTkm+6ef3tNhcs18AP4i3YbimI4KkIojlIjxygLqft8kcTiJHcMNUeKNZv5JSt2AaU0P7IVl4MXgoLDE9cqEDmRAcsbplIWbLiqzzsV9T988VkNPcDaYvD8P8utjOkctuk1LXKOHglVyRudb4Jf8MjjM7xbUSTi0Wz21dBYZ7WVrrW24lc6eHcrO4INtQxrOh2KWIE4QtLylpRmfifIGpO4OBU8ao9+119rASqBbb+hjdJPCxHBy6PUgsSFCSFQ3EQB0g51ilyr2VGv5AjeXMOuN0DGgnET7AC2NzMtER6LpMYO3ZkWAKJWEqzryJmeMNnQr1MjpLDp0AROdkfBE/kyMjAGdvuLIyKCHATZIHRLRTkSWuyaQZMLA6Q1Q3g+Yqc6oIMxD5u4vlFvWObijAtmBN0= vomblr@MacBook-Pro-Dmitry.local\n"
            },
            "metadata_options": [
              {
                "aws_v1_http_endpoint": 1,
                "aws_v1_http_token": 2,
                "gce_http_endpoint": 1,
                "gce_http_token": 1
              }
            ],
            "name": "web1",
            "network_acceleration_type": "standard",
            "network_interface": [
              {
                "dns_record": [],
                "index": 0,
                "ip_address": "192.168.2.29",
                "ipv4": true,
                "ipv6": false,
                "ipv6_address": "",
                "ipv6_dns_record": [],
                "mac_address": "d0:0d:10:77:19:b4",
                "nat": true,
                "nat_dns_record": [],
                "nat_ip_address": "51.250.27.76",
                "nat_ip_version": "IPV4",
                "security_group_ids": [],
                "subnet_id": "e2l3er4bfh7qnt684v8b"
              }
            ],
            "placement_policy": [
              {
                "host_affinity_rules": [],
                "placement_group_id": ""
              }
            ],
            "platform_id": "standard-v1",
            "resources": [
              {
                "core_fraction": 100,
                "cores": 2,
                "gpus": 0,
                "memory": 2
              }
            ],
            "scheduling_policy": [
              {
                "preemptible": true
              }
            ],
            "secondary_disk": [],
            "service_account_id": "",
            "status": "running",
            "timeouts": null,
            "zone": "ru-central1-b"
          },
          "sensitive_attributes": [],
          "private": "eyJlMmJmYjczMC1lY2FhLTExZTYtOGY4OC0zNDM2M2JjN2M0YzAiOnsiY3JlYXRlIjozMDAwMDAwMDAwMDAsImRlbGV0ZSI6MzAwMDAwMDAwMDAwLCJ1cGRhdGUiOjMwMDAwMDAwMDAwMH0sInNjaGVtYV92ZXJzaW9uIjoiMSJ9",
          "dependencies": [
            "yandex_vpc_network.hexlet-network",
            "yandex_vpc_subnet.hexlet-subnet-b"
          ]
        }
      ]
    },
    {
      "mode": "managed",
      "type": "yandex_compute_instance",
      "name": "web2",
      "provider": "provider[\"registry.terraform.io/yandex-cloud/yandex\"]",
      "instances": [
        {
          "schema_version": 1,
          "attributes": {
            "allow_recreate": null,
            "allow_stopping_for_update": null,
            "boot_disk": [
              {
                "auto_delete": true,
                "device_name": "epd5g6k1j41cvfregq77",
                "disk_id": "epd5g6k1j41cvfregq77",
                "initialize_params": [
                  {
                    "block_size": 4096,
                    "description": "",
                    "image_id": "fd80o2eikcn22b229tsa",
                    "name": "",
                    "size": 30,
                    "snapshot_id": "",
                    "type": "network-hdd"
                  }
                ],
                "mode": "READ_WRITE"
              }
            ],
            "created_at": "2023-04-21T16:15:35Z",
            "description": "",
            "filesystem": [],
            "folder_id": "b1gcv095o5f32r9fvkhm",
            "fqdn": "epdgdrqii4gvdmu6iri1.auto.internal",
            "gpu_cluster_id": "",
            "hostname": "",
            "id": "epdgdrqii4gvdmu6iri1",
            "labels": {},
            "local_disk": [],
            "metadata": {
              "ssh-keys": "mcomet:ssh-rsa AAAAB3NzaC1yc2EAAAADAQABAAABgQCzQXae9oozrH+H7jkeud4R5JOGY4R+bAhhi0FadUwQdGXzCD+n5KQ8InXLUtH2tPzGTBV8cza6MPJwINzpw/SiQ0J9KcNUfNP4J4k7AMTkm+6ef3tNhcs18AP4i3YbimI4KkIojlIjxygLqft8kcTiJHcMNUeKNZv5JSt2AaU0P7IVl4MXgoLDE9cqEDmRAcsbplIWbLiqzzsV9T988VkNPcDaYvD8P8utjOkctuk1LXKOHglVyRudb4Jf8MjjM7xbUSTi0Wz21dBYZ7WVrrW24lc6eHcrO4INtQxrOh2KWIE4QtLylpRmfifIGpO4OBU8ao9+119rASqBbb+hjdJPCxHBy6PUgsSFCSFQ3EQB0g51ilyr2VGv5AjeXMOuN0DGgnET7AC2NzMtER6LpMYO3ZkWAKJWEqzryJmeMNnQr1MjpLDp0AROdkfBE/kyMjAGdvuLIyKCHATZIHRLRTkSWuyaQZMLA6Q1Q3g+Yqc6oIMxD5u4vlFvWObijAtmBN0= vomblr@MacBook-Pro-Dmitry.local\n"
            },
            "metadata_options": [
              {
                "aws_v1_http_endpoint": 1,
                "aws_v1_http_token": 2,
                "gce_http_endpoint": 1,
                "gce_http_token": 1
              }
            ],
            "name": "web2",
            "network_acceleration_type": "standard",
            "network_interface": [
              {
                "dns_record": [],
                "index": 0,
                "ip_address": "192.168.2.15",
                "ipv4": true,
                "ipv6": false,
                "ipv6_address": "",
                "ipv6_dns_record": [],
                "mac_address": "d0:0d:10:6e:f5:29",
                "nat": true,
                "nat_dns_record": [],
                "nat_ip_address": "51.250.17.62",
                "nat_ip_version": "IPV4",
                "security_group_ids": [],
                "subnet_id": "e2l3er4bfh7qnt684v8b"
              }
            ],
            "placement_policy": [
              {
                "host_affinity_rules": [],
                "placement_group_id": ""
              }
            ],
            "platform_id": "standard-v1",
            "resources": [
              {
                "core_fraction": 100,
                "cores": 2,
                "gpus": 0,
                "memory": 2
              }
            ],
            "scheduling_policy": [
              {
                "preemptible": true
              }
            ],
            "secondary_disk": [],
            "service_account_id": "",
            "status": "running",
            "timeouts": null,
            "zone": "ru-central1-b"
          },
          "sensitive_attributes": [],
          "private": "eyJlMmJmYjczMC1lY2FhLTExZTYtOGY4OC0zNDM2M2JjN2M0YzAiOnsiY3JlYXRlIjozMDAwMDAwMDAwMDAsImRlbGV0ZSI6MzAwMDAwMDAwMDAwLCJ1cGRhdGUiOjMwMDAwMDAwMDAwMH0sInNjaGVtYV92ZXJzaW9uIjoiMSJ9",
          "dependencies": [
            "yandex_vpc_network.hexlet-network",
            "yandex_vpc_subnet.hexlet-subnet-b"
          ]
        }
      ]
    },
    {
      "mode": "managed",
      "type": "yandex_dns_recordset",
      "name": "balancer-record",
      "provider": "provider[\"registry.terraform.io/yandex-cloud/yandex\"]",
      "instances": [
        {
          "schema_version": 0,
          "attributes": {
            "data": [
              "158.160.39.226"
            ],
            "id": "dnsfh2jande0pcoo12a9/askdmitry.space./A",
            "name": "askdmitry.space.",
            "timeouts": null,
            "ttl": 300,
            "type": "A",
            "zone_id": "dnsfh2jande0pcoo12a9"
          },
          "sensitive_attributes": [],
          "private": "eyJlMmJmYjczMC1lY2FhLTExZTYtOGY4OC0zNDM2M2JjN2M0YzAiOnsiY3JlYXRlIjozMDAwMDAwMDAwMDAsImRlbGV0ZSI6MzAwMDAwMDAwMDAwLCJ1cGRhdGUiOjMwMDAwMDAwMDAwMH19",
          "dependencies": [
            "yandex_alb_http_router.hexlet-router",
            "yandex_alb_load_balancer.hexlet-balancer",
            "yandex_cm_certificate.main-domain-certficate",
            "yandex_dns_zone.hexlet-dns-zone",
            "yandex_vpc_network.hexlet-network",
            "yandex_vpc_subnet.hexlet-subnet-b"
          ]
        }
      ]
    },
    {
      "mode": "managed",
      "type": "yandex_dns_recordset",
      "name": "certificate-challenge-record",
      "provider": "provider[\"registry.terraform.io/yandex-cloud/yandex\"]",
      "instances": [
        {
          "schema_version": 0,
          "attributes": {
            "data": [
              "fpq7atjvjf5fmejf14cs.cm.yandexcloud.net."
            ],
            "id": "dnsfh2jande0pcoo12a9/_acme-challenge.askdmitry.space./CNAME",
            "name": "_acme-challenge.askdmitry.space.",
            "timeouts": null,
            "ttl": 600,
            "type": "CNAME",
            "zone_id": "dnsfh2jande0pcoo12a9"
          },
          "sensitive_attributes": [],
          "private": "eyJlMmJmYjczMC1lY2FhLTExZTYtOGY4OC0zNDM2M2JjN2M0YzAiOnsiY3JlYXRlIjozMDAwMDAwMDAwMDAsImRlbGV0ZSI6MzAwMDAwMDAwMDAwLCJ1cGRhdGUiOjMwMDAwMDAwMDAwMH19",
          "dependencies": [
            "yandex_cm_certificate.main-domain-certficate",
            "yandex_dns_zone.hexlet-dns-zone",
            "yandex_vpc_network.hexlet-network"
          ]
        }
      ]
    },
    {
      "mode": "managed",
      "type": "yandex_dns_zone",
      "name": "hexlet-dns-zone",
      "provider": "provider[\"registry.terraform.io/yandex-cloud/yandex\"]",
      "instances": [
        {
          "schema_version": 0,
          "attributes": {
            "created_at": "2023-04-21T16:15:34Z",
            "description": "",
            "folder_id": "b1gcv095o5f32r9fvkhm",
            "id": "dnsfh2jande0pcoo12a9",
            "labels": {},
            "name": "hexlet-dns-zone",
            "private_networks": [
              "enptsm1p2vgg46okrf5f"
            ],
            "public": true,
            "timeouts": null,
            "zone": "askdmitry.space."
          },
          "sensitive_attributes": [],
          "private": "eyJlMmJmYjczMC1lY2FhLTExZTYtOGY4OC0zNDM2M2JjN2M0YzAiOnsiY3JlYXRlIjozMDAwMDAwMDAwMDAsImRlbGV0ZSI6MzAwMDAwMDAwMDAwLCJ1cGRhdGUiOjMwMDAwMDAwMDAwMH19",
          "dependencies": [
            "yandex_vpc_network.hexlet-network"
          ]
        }
      ]
    },
    {
      "mode": "managed",
      "type": "yandex_mdb_mysql_cluster",
      "name": "hexlet-cluster",
      "provider": "provider[\"registry.terraform.io/yandex-cloud/yandex\"]",
      "instances": [
        {
          "schema_version": 0,
          "attributes": {
            "access": [
              {
                "data_lens": false,
                "data_transfer": false,
                "web_sql": false
              }
            ],
            "allow_regeneration_host": false,
            "backup_retain_period_days": 7,
            "backup_window_start": [
              {
                "hours": 0,
                "minutes": 0
              }
            ],
            "created_at": "2023-04-21T16:15:34Z",
            "database": [],
            "deletion_protection": false,
            "description": "",
            "environment": "PRESTABLE",
            "folder_id": "b1gcv095o5f32r9fvkhm",
            "health": "ALIVE",
            "host": [
              {
                "assign_public_ip": false,
                "backup_priority": 0,
                "fqdn": "rc1b-1ocp0nctx1e5wx1g.mdb.yandexcloud.net",
                "name": "",
                "priority": 0,
                "replication_source": "",
                "replication_source_name": "",
                "subnet_id": "e2l3er4bfh7qnt684v8b",
                "zone": "ru-central1-b"
              }
            ],
            "host_group_ids": [],
            "id": "c9q00ivf746vbakefs57",
            "labels": {},
            "maintenance_window": [
              {
                "day": "",
                "hour": 0,
                "type": "ANYTIME"
              }
            ],
            "mysql_config": {
              "binlog_transaction_dependency_tracking": "0",
              "default_authentication_plugin": "MYSQL_NATIVE_PASSWORD",
              "innodb_print_all_deadlocks": "true",
              "log_slow_rate_type": "0",
              "max_connections": "100",
              "sql_mode": "ONLY_FULL_GROUP_BY,STRICT_TRANS_TABLES,NO_ZERO_IN_DATE,NO_ZERO_DATE,ERROR_FOR_DIVISION_BY_ZERO,NO_ENGINE_SUBSTITUTION"
            },
            "name": "hexlet-cluster",
            "network_id": "enptsm1p2vgg46okrf5f",
            "performance_diagnostics": [
              {
                "enabled": false,
                "sessions_sampling_interval": 60,
                "statements_sampling_interval": 600
              }
            ],
            "resources": [
              {
                "disk_size": 10,
                "disk_type_id": "network-ssd",
                "resource_preset_id": "s2.micro"
              }
            ],
            "restore": [],
            "security_group_ids": [],
            "status": "RUNNING",
            "timeouts": null,
            "user": [],
            "version": "8.0"
          },
          "sensitive_attributes": [],
          "private": "eyJlMmJmYjczMC1lY2FhLTExZTYtOGY4OC0zNDM2M2JjN2M0YzAiOnsiY3JlYXRlIjo5MDAwMDAwMDAwMDAsImRlbGV0ZSI6OTAwMDAwMDAwMDAwLCJ1cGRhdGUiOjM2MDAwMDAwMDAwMDB9fQ==",
          "dependencies": [
            "yandex_vpc_network.hexlet-network",
            "yandex_vpc_subnet.hexlet-subnet-b"
          ]
        }
      ]
    },
    {
      "mode": "managed",
      "type": "yandex_mdb_mysql_database",
      "name": "hexlet-db",
      "provider": "provider[\"registry.terraform.io/yandex-cloud/yandex\"]",
      "instances": [
        {
          "schema_version": 0,
          "attributes": {
            "cluster_id": "c9q00ivf746vbakefs57",
            "id": "c9q00ivf746vbakefs57:db1",
            "name": "db1",
            "timeouts": null
          },
          "sensitive_attributes": [],
          "private": "eyJlMmJmYjczMC1lY2FhLTExZTYtOGY4OC0zNDM2M2JjN2M0YzAiOnsiY3JlYXRlIjo2MDAwMDAwMDAwMDAsImRlbGV0ZSI6NjAwMDAwMDAwMDAwLCJyZWFkIjo2MDAwMDAwMDAwMCwidXBkYXRlIjo2MDAwMDAwMDAwMDB9fQ==",
          "dependencies": [
            "yandex_mdb_mysql_cluster.hexlet-cluster",
            "yandex_vpc_network.hexlet-network",
            "yandex_vpc_subnet.hexlet-subnet-b"
          ]
        }
      ]
    },
    {
      "mode": "managed",
      "type": "yandex_mdb_mysql_user",
      "name": "hexlet-user",
      "provider": "provider[\"registry.terraform.io/yandex-cloud/yandex\"]",
      "instances": [
        {
          "schema_version": 0,
          "attributes": {
            "authentication_plugin": null,
            "cluster_id": "c9q00ivf746vbakefs57",
            "connection_limits": [],
            "global_permissions": [],
            "id": "c9q00ivf746vbakefs57:mysql",
            "name": "mysql",
            "password": "password",
            "permission": [
              {
                "database_name": "db1",
                "roles": [
                  "ALL"
                ]
              }
            ],
            "timeouts": null
          },
          "sensitive_attributes": [],
          "private": "eyJlMmJmYjczMC1lY2FhLTExZTYtOGY4OC0zNDM2M2JjN2M0YzAiOnsiY3JlYXRlIjo2MDAwMDAwMDAwMDAsImRlbGV0ZSI6NjAwMDAwMDAwMDAwLCJyZWFkIjo2MDAwMDAwMDAwMCwidXBkYXRlIjo2MDAwMDAwMDAwMDB9fQ==",
          "dependencies": [
            "yandex_mdb_mysql_cluster.hexlet-cluster",
            "yandex_vpc_network.hexlet-network",
            "yandex_vpc_subnet.hexlet-subnet-b"
          ]
        }
      ]
    },
    {
      "mode": "managed",
      "type": "yandex_vpc_network",
      "name": "hexlet-network",
      "provider": "provider[\"registry.terraform.io/yandex-cloud/yandex\"]",
      "instances": [
        {
          "schema_version": 0,
          "attributes": {
            "created_at": "2023-04-21T16:15:32Z",
            "default_security_group_id": "",
            "description": "",
            "folder_id": "b1gcv095o5f32r9fvkhm",
            "id": "enptsm1p2vgg46okrf5f",
            "labels": {},
            "name": "hexlet-network",
            "subnet_ids": [
              "e2l3er4bfh7qnt684v8b"
            ],
            "timeouts": null
          },
          "sensitive_attributes": [],
          "private": "eyJlMmJmYjczMC1lY2FhLTExZTYtOGY4OC0zNDM2M2JjN2M0YzAiOnsiY3JlYXRlIjo2MDAwMDAwMDAwMCwiZGVsZXRlIjo2MDAwMDAwMDAwMCwidXBkYXRlIjo2MDAwMDAwMDAwMH19"
        }
      ]
    },
    {
      "mode": "managed",
      "type": "yandex_vpc_subnet",
      "name": "hexlet-subnet-b",
      "provider": "provider[\"registry.terraform.io/yandex-cloud/yandex\"]",
      "instances": [
        {
          "schema_version": 0,
          "attributes": {
            "created_at": "2023-04-21T16:15:33Z",
            "description": "",
            "dhcp_options": [],
            "folder_id": "b1gcv095o5f32r9fvkhm",
            "id": "e2l3er4bfh7qnt684v8b",
            "labels": {},
            "name": "hexlet-subnet-b",
            "network_id": "enptsm1p2vgg46okrf5f",
            "route_table_id": "",
            "timeouts": null,
            "v4_cidr_blocks": [
              "192.168.2.0/24"
            ],
            "v6_cidr_blocks": [],
            "zone": "ru-central1-b"
          },
          "sensitive_attributes": [],
          "private": "eyJlMmJmYjczMC1lY2FhLTExZTYtOGY4OC0zNDM2M2JjN2M0YzAiOnsiY3JlYXRlIjoxODAwMDAwMDAwMDAsImRlbGV0ZSI6MTgwMDAwMDAwMDAwLCJ1cGRhdGUiOjE4MDAwMDAwMDAwMH19",
          "dependencies": [
            "yandex_vpc_network.hexlet-network"
          ]
        }
      ]
    }
  ],
  "check_results": null
}
